// !$*UTF8*$!
{
	archiveVersion = 1;
	classes = {
	};
	objectVersion = 56;
	objects = {

/* Begin PBXBuildFile section */
		511C9C1D28F50CE700C86EE5 /* SDWebImageSwiftUI in Frameworks */ = {isa = PBXBuildFile; productRef = 511C9C1C28F50CE700C86EE5 /* SDWebImageSwiftUI */; };
		511C9C2028F51E9D00C86EE5 /* FirebaseAnalytics in Frameworks */ = {isa = PBXBuildFile; productRef = 511C9C1F28F51E9D00C86EE5 /* FirebaseAnalytics */; };
		511C9C2228F51E9D00C86EE5 /* FirebaseAuth in Frameworks */ = {isa = PBXBuildFile; productRef = 511C9C2128F51E9D00C86EE5 /* FirebaseAuth */; };
		511C9C2428F51E9D00C86EE5 /* FirebaseFirestore in Frameworks */ = {isa = PBXBuildFile; productRef = 511C9C2328F51E9D00C86EE5 /* FirebaseFirestore */; };
		511C9C2628F51E9D00C86EE5 /* FirebaseStorage in Frameworks */ = {isa = PBXBuildFile; productRef = 511C9C2528F51E9D00C86EE5 /* FirebaseStorage */; };
		515FE28D28F61A4300EA3EFE /* FirebaseCrashlytics in Frameworks */ = {isa = PBXBuildFile; productRef = 515FE28C28F61A4300EA3EFE /* FirebaseCrashlytics */; };
		515FE28F28F61A4300EA3EFE /* FirebasePerformance in Frameworks */ = {isa = PBXBuildFile; productRef = 515FE28E28F61A4300EA3EFE /* FirebasePerformance */; };
		515FE29228F63A5200EA3EFE /* User.swift in Sources */ = {isa = PBXBuildFile; fileRef = 515FE29128F63A5200EA3EFE /* User.swift */; };
		515FE29428F63CC100EA3EFE /* UserConfig.swift in Sources */ = {isa = PBXBuildFile; fileRef = 515FE29328F63CC100EA3EFE /* UserConfig.swift */; };
		515FE29628F6406C00EA3EFE /* Register.swift in Sources */ = {isa = PBXBuildFile; fileRef = 515FE29528F6406C00EA3EFE /* Register.swift */; };
		515FE29828F6407E00EA3EFE /* SignIn.swift in Sources */ = {isa = PBXBuildFile; fileRef = 515FE29728F6407E00EA3EFE /* SignIn.swift */; };
		515FE29C28F64E4B00EA3EFE /* WelcomeScreen.swift in Sources */ = {isa = PBXBuildFile; fileRef = 515FE29B28F64E4B00EA3EFE /* WelcomeScreen.swift */; };
		51838ACF28F20B7E0088A337 /* Product.swift in Sources */ = {isa = PBXBuildFile; fileRef = 51838ACE28F20B7E0088A337 /* Product.swift */; };
		51838AD128F20E480088A337 /* ProductCard.swift in Sources */ = {isa = PBXBuildFile; fileRef = 51838AD028F20E480088A337 /* ProductCard.swift */; };
		51838AD528F212450088A337 /* MainShopView.swift in Sources */ = {isa = PBXBuildFile; fileRef = 51838AD428F212450088A337 /* MainShopView.swift */; };
		51838AD728F214FC0088A337 /* CartButton.swift in Sources */ = {isa = PBXBuildFile; fileRef = 51838AD628F214FC0088A337 /* CartButton.swift */; };
		51838AD928F217350088A337 /* CartView.swift in Sources */ = {isa = PBXBuildFile; fileRef = 51838AD828F217350088A337 /* CartView.swift */; };
		51838ADD28F218CF0088A337 /* ProfileButton.swift in Sources */ = {isa = PBXBuildFile; fileRef = 51838ADC28F218CF0088A337 /* ProfileButton.swift */; };
		51838ADF28F219A80088A337 /* ProfileView.swift in Sources */ = {isa = PBXBuildFile; fileRef = 51838ADE28F219A80088A337 /* ProfileView.swift */; };
		51838AE128F21A550088A337 /* CartManager.swift in Sources */ = {isa = PBXBuildFile; fileRef = 51838AE028F21A550088A337 /* CartManager.swift */; };
		51838AE328F246A70088A337 /* ProductRow.swift in Sources */ = {isa = PBXBuildFile; fileRef = 51838AE228F246A70088A337 /* ProductRow.swift */; };
		51838AE828F255FD0088A337 /* ProductCartTappedView.swift in Sources */ = {isa = PBXBuildFile; fileRef = 51838AE728F255FD0088A337 /* ProductCartTappedView.swift */; };
		519C63D028F1C60900DBEA34 /* WeSellGamesApp.swift in Sources */ = {isa = PBXBuildFile; fileRef = 519C63CF28F1C60900DBEA34 /* WeSellGamesApp.swift */; };
		519C63D228F1C60900DBEA34 /* ContentView.swift in Sources */ = {isa = PBXBuildFile; fileRef = 519C63D128F1C60900DBEA34 /* ContentView.swift */; };
		519C63D428F1C60B00DBEA34 /* Assets.xcassets in Resources */ = {isa = PBXBuildFile; fileRef = 519C63D328F1C60B00DBEA34 /* Assets.xcassets */; };
		519C63D728F1C60B00DBEA34 /* Preview Assets.xcassets in Resources */ = {isa = PBXBuildFile; fileRef = 519C63D628F1C60B00DBEA34 /* Preview Assets.xcassets */; };
		51A200E128F3497800069043 /* Carousel.swift in Sources */ = {isa = PBXBuildFile; fileRef = 51A200E028F3497800069043 /* Carousel.swift */; };
		51A200E328F36C9600069043 /* GoogleService-Info.plist in Resources */ = {isa = PBXBuildFile; fileRef = 51A200E228F36C9600069043 /* GoogleService-Info.plist */; };
		51A200E828F3AD9400069043 /* Products.swift in Sources */ = {isa = PBXBuildFile; fileRef = 51A200E728F3AD9400069043 /* Products.swift */; };
/* End PBXBuildFile section */

/* Begin PBXFileReference section */
		515FE29128F63A5200EA3EFE /* User.swift */ = {isa = PBXFileReference; lastKnownFileType = sourcecode.swift; path = User.swift; sourceTree = "<group>"; };
		515FE29328F63CC100EA3EFE /* UserConfig.swift */ = {isa = PBXFileReference; lastKnownFileType = sourcecode.swift; path = UserConfig.swift; sourceTree = "<group>"; };
		515FE29528F6406C00EA3EFE /* Register.swift */ = {isa = PBXFileReference; lastKnownFileType = sourcecode.swift; path = Register.swift; sourceTree = "<group>"; };
		515FE29728F6407E00EA3EFE /* SignIn.swift */ = {isa = PBXFileReference; lastKnownFileType = sourcecode.swift; path = SignIn.swift; sourceTree = "<group>"; };
		515FE29B28F64E4B00EA3EFE /* WelcomeScreen.swift */ = {isa = PBXFileReference; lastKnownFileType = sourcecode.swift; path = WelcomeScreen.swift; sourceTree = "<group>"; };
		515FE29D28F6804200EA3EFE /* Info.plist */ = {isa = PBXFileReference; lastKnownFileType = text.plist; path = Info.plist; sourceTree = "<group>"; };
		51838ACE28F20B7E0088A337 /* Product.swift */ = {isa = PBXFileReference; lastKnownFileType = sourcecode.swift; path = Product.swift; sourceTree = "<group>"; };
		51838AD028F20E480088A337 /* ProductCard.swift */ = {isa = PBXFileReference; lastKnownFileType = sourcecode.swift; path = ProductCard.swift; sourceTree = "<group>"; };
		51838AD428F212450088A337 /* MainShopView.swift */ = {isa = PBXFileReference; lastKnownFileType = sourcecode.swift; path = MainShopView.swift; sourceTree = "<group>"; };
		51838AD628F214FC0088A337 /* CartButton.swift */ = {isa = PBXFileReference; lastKnownFileType = sourcecode.swift; path = CartButton.swift; sourceTree = "<group>"; };
		51838AD828F217350088A337 /* CartView.swift */ = {isa = PBXFileReference; lastKnownFileType = sourcecode.swift; path = CartView.swift; sourceTree = "<group>"; };
		51838ADC28F218CF0088A337 /* ProfileButton.swift */ = {isa = PBXFileReference; lastKnownFileType = sourcecode.swift; path = ProfileButton.swift; sourceTree = "<group>"; };
		51838ADE28F219A80088A337 /* ProfileView.swift */ = {isa = PBXFileReference; lastKnownFileType = sourcecode.swift; path = ProfileView.swift; sourceTree = "<group>"; };
		51838AE028F21A550088A337 /* CartManager.swift */ = {isa = PBXFileReference; lastKnownFileType = sourcecode.swift; path = CartManager.swift; sourceTree = "<group>"; };
		51838AE228F246A70088A337 /* ProductRow.swift */ = {isa = PBXFileReference; lastKnownFileType = sourcecode.swift; path = ProductRow.swift; sourceTree = "<group>"; };
		51838AE728F255FD0088A337 /* ProductCartTappedView.swift */ = {isa = PBXFileReference; lastKnownFileType = sourcecode.swift; path = ProductCartTappedView.swift; sourceTree = "<group>"; };
		519C63CC28F1C60900DBEA34 /* WeSellGames.app */ = {isa = PBXFileReference; explicitFileType = wrapper.application; includeInIndex = 0; path = WeSellGames.app; sourceTree = BUILT_PRODUCTS_DIR; };
		519C63CF28F1C60900DBEA34 /* WeSellGamesApp.swift */ = {isa = PBXFileReference; lastKnownFileType = sourcecode.swift; path = WeSellGamesApp.swift; sourceTree = "<group>"; };
		519C63D128F1C60900DBEA34 /* ContentView.swift */ = {isa = PBXFileReference; lastKnownFileType = sourcecode.swift; path = ContentView.swift; sourceTree = "<group>"; };
		519C63D328F1C60B00DBEA34 /* Assets.xcassets */ = {isa = PBXFileReference; lastKnownFileType = folder.assetcatalog; path = Assets.xcassets; sourceTree = "<group>"; };
		519C63D628F1C60B00DBEA34 /* Preview Assets.xcassets */ = {isa = PBXFileReference; lastKnownFileType = folder.assetcatalog; path = "Preview Assets.xcassets"; sourceTree = "<group>"; };
		51A200E028F3497800069043 /* Carousel.swift */ = {isa = PBXFileReference; lastKnownFileType = sourcecode.swift; path = Carousel.swift; sourceTree = "<group>"; };
		51A200E228F36C9600069043 /* GoogleService-Info.plist */ = {isa = PBXFileReference; fileEncoding = 4; lastKnownFileType = text.plist.xml; path = "GoogleService-Info.plist"; sourceTree = "<group>"; };
		51A200E728F3AD9400069043 /* Products.swift */ = {isa = PBXFileReference; lastKnownFileType = sourcecode.swift; path = Products.swift; sourceTree = "<group>"; };
/* End PBXFileReference section */

/* Begin PBXFrameworksBuildPhase section */
		519C63C928F1C60900DBEA34 /* Frameworks */ = {
			isa = PBXFrameworksBuildPhase;
			buildActionMask = 2147483647;
			files = (
				515FE28F28F61A4300EA3EFE /* FirebasePerformance in Frameworks */,
				511C9C2028F51E9D00C86EE5 /* FirebaseAnalytics in Frameworks */,
				511C9C2428F51E9D00C86EE5 /* FirebaseFirestore in Frameworks */,
				511C9C2228F51E9D00C86EE5 /* FirebaseAuth in Frameworks */,
				515FE28D28F61A4300EA3EFE /* FirebaseCrashlytics in Frameworks */,
				511C9C2628F51E9D00C86EE5 /* FirebaseStorage in Frameworks */,
				511C9C1D28F50CE700C86EE5 /* SDWebImageSwiftUI in Frameworks */,
			);
			runOnlyForDeploymentPostprocessing = 0;
		};
/* End PBXFrameworksBuildPhase section */

/* Begin PBXGroup section */
		51838ACD28F20B200088A337 /* Components */ = {
			isa = PBXGroup;
			children = (
				51838AD028F20E480088A337 /* ProductCard.swift */,
				51838AD628F214FC0088A337 /* CartButton.swift */,
				51838ADC28F218CF0088A337 /* ProfileButton.swift */,
				51838AE228F246A70088A337 /* ProductRow.swift */,
				51A200E028F3497800069043 /* Carousel.swift */,
			);
			path = Components;
			sourceTree = "<group>";
		};
		519C63C328F1C60900DBEA34 = {
			isa = PBXGroup;
			children = (
				519C63CE28F1C60900DBEA34 /* WeSellGames */,
				519C63CD28F1C60900DBEA34 /* Products */,
				51A200E428F374B900069043 /* Frameworks */,
			);
			sourceTree = "<group>";
		};
		519C63CD28F1C60900DBEA34 /* Products */ = {
			isa = PBXGroup;
			children = (
				519C63CC28F1C60900DBEA34 /* WeSellGames.app */,
			);
			name = Products;
			sourceTree = "<group>";
		};
		519C63CE28F1C60900DBEA34 /* WeSellGames */ = {
			isa = PBXGroup;
			children = (
				515FE29D28F6804200EA3EFE /* Info.plist */,
				519C63D128F1C60900DBEA34 /* ContentView.swift */,
				519C63DD28F20A7600DBEA34 /* Views */,
				519C63DE28F20A7C00DBEA34 /* Models */,
				519C63DF28F20A8800DBEA34 /* Resources */,
				51838AE028F21A550088A337 /* CartManager.swift */,
				519C63D528F1C60B00DBEA34 /* Preview Content */,
			);
			path = WeSellGames;
			sourceTree = "<group>";
		};
		519C63D528F1C60B00DBEA34 /* Preview Content */ = {
			isa = PBXGroup;
			children = (
				519C63D628F1C60B00DBEA34 /* Preview Assets.xcassets */,
			);
			path = "Preview Content";
			sourceTree = "<group>";
		};
		519C63DD28F20A7600DBEA34 /* Views */ = {
			isa = PBXGroup;
			children = (
				51838ACD28F20B200088A337 /* Components */,
				51838AD428F212450088A337 /* MainShopView.swift */,
				51838AD828F217350088A337 /* CartView.swift */,
				51838ADE28F219A80088A337 /* ProfileView.swift */,
				51838AE728F255FD0088A337 /* ProductCartTappedView.swift */,
				515FE29528F6406C00EA3EFE /* Register.swift */,
				515FE29728F6407E00EA3EFE /* SignIn.swift */,
				515FE29B28F64E4B00EA3EFE /* WelcomeScreen.swift */,
			);
			path = Views;
			sourceTree = "<group>";
		};
		519C63DE28F20A7C00DBEA34 /* Models */ = {
			isa = PBXGroup;
			children = (
				51838ACE28F20B7E0088A337 /* Product.swift */,
				51A200E728F3AD9400069043 /* Products.swift */,
				515FE29128F63A5200EA3EFE /* User.swift */,
				515FE29328F63CC100EA3EFE /* UserConfig.swift */,
			);
			path = Models;
			sourceTree = "<group>";
		};
		519C63DF28F20A8800DBEA34 /* Resources */ = {
			isa = PBXGroup;
			children = (
				51A200E228F36C9600069043 /* GoogleService-Info.plist */,
				519C63CF28F1C60900DBEA34 /* WeSellGamesApp.swift */,
				519C63D328F1C60B00DBEA34 /* Assets.xcassets */,
			);
			path = Resources;
			sourceTree = "<group>";
		};
		51A200E428F374B900069043 /* Frameworks */ = {
			isa = PBXGroup;
			children = (
			);
			name = Frameworks;
			sourceTree = "<group>";
		};
/* End PBXGroup section */

/* Begin PBXNativeTarget section */
		519C63CB28F1C60900DBEA34 /* WeSellGames */ = {
			isa = PBXNativeTarget;
			buildConfigurationList = 519C63DA28F1C60B00DBEA34 /* Build configuration list for PBXNativeTarget "WeSellGames" */;
			buildPhases = (
				519C63C828F1C60900DBEA34 /* Sources */,
				519C63C928F1C60900DBEA34 /* Frameworks */,
				519C63CA28F1C60900DBEA34 /* Resources */,
				515FE29028F61B8F00EA3EFE /* ShellScript */,
			);
			buildRules = (
			);
			dependencies = (
			);
			name = WeSellGames;
			packageProductDependencies = (
				511C9C1C28F50CE700C86EE5 /* SDWebImageSwiftUI */,
				511C9C1F28F51E9D00C86EE5 /* FirebaseAnalytics */,
				511C9C2128F51E9D00C86EE5 /* FirebaseAuth */,
				511C9C2328F51E9D00C86EE5 /* FirebaseFirestore */,
				511C9C2528F51E9D00C86EE5 /* FirebaseStorage */,
				515FE28C28F61A4300EA3EFE /* FirebaseCrashlytics */,
				515FE28E28F61A4300EA3EFE /* FirebasePerformance */,
			);
			productName = WeSellGames;
			productReference = 519C63CC28F1C60900DBEA34 /* WeSellGames.app */;
			productType = "com.apple.product-type.application";
		};
/* End PBXNativeTarget section */

/* Begin PBXProject section */
		519C63C428F1C60900DBEA34 /* Project object */ = {
			isa = PBXProject;
			attributes = {
				BuildIndependentTargetsInParallel = 1;
				LastSwiftUpdateCheck = 1400;
				LastUpgradeCheck = 1400;
				TargetAttributes = {
					519C63CB28F1C60900DBEA34 = {
						CreatedOnToolsVersion = 14.0.1;
					};
				};
			};
			buildConfigurationList = 519C63C728F1C60900DBEA34 /* Build configuration list for PBXProject "WeSellGames" */;
			compatibilityVersion = "Xcode 14.0";
			developmentRegion = en;
			hasScannedForEncodings = 0;
			knownRegions = (
				en,
				Base,
			);
			mainGroup = 519C63C328F1C60900DBEA34;
			packageReferences = (
				51A200C128F32DC100069043 /* XCRemoteSwiftPackageReference "firebase-ios-sdk" */,
				511C9C1B28F50CE600C86EE5 /* XCRemoteSwiftPackageReference "SDWebImageSwiftUI" */,
			);
			productRefGroup = 519C63CD28F1C60900DBEA34 /* Products */;
			projectDirPath = "";
			projectRoot = "";
			targets = (
				519C63CB28F1C60900DBEA34 /* WeSellGames */,
			);
		};
/* End PBXProject section */

/* Begin PBXResourcesBuildPhase section */
		519C63CA28F1C60900DBEA34 /* Resources */ = {
			isa = PBXResourcesBuildPhase;
			buildActionMask = 2147483647;
			files = (
				519C63D728F1C60B00DBEA34 /* Preview Assets.xcassets in Resources */,
				519C63D428F1C60B00DBEA34 /* Assets.xcassets in Resources */,
				51A200E328F36C9600069043 /* GoogleService-Info.plist in Resources */,
			);
			runOnlyForDeploymentPostprocessing = 0;
		};
/* End PBXResourcesBuildPhase section */

/* Begin PBXShellScriptBuildPhase section */
		515FE29028F61B8F00EA3EFE /* ShellScript */ = {
			isa = PBXShellScriptBuildPhase;
			alwaysOutOfDate = 1;
			buildActionMask = 2147483647;
			files = (
			);
			inputFileListPaths = (
			);
			inputPaths = (
				"${DWARF_DSYM_FOLDER_PATH}/${DWARF_DSYM_FILE_NAME}/Contents/Resources/DWARF/${TARGET_NAME}",
				"$(SRCROOT)/$(BUILT_PRODUCTS_DIR)/$(INFOPLIST_PATH)",
			);
			outputFileListPaths = (
			);
			outputPaths = (
			);
			runOnlyForDeploymentPostprocessing = 0;
			shellPath = /bin/sh;
			shellScript = "# Type a script or drag a script file from your workspace to insert its path.\n\"${BUILD_DIR%/Build/*}/SourcePackages/checkouts/firebase-ios-sdk/Crashlytics/run\"\n";
		};
/* End PBXShellScriptBuildPhase section */

/* Begin PBXSourcesBuildPhase section */
		519C63C828F1C60900DBEA34 /* Sources */ = {
			isa = PBXSourcesBuildPhase;
			buildActionMask = 2147483647;
			files = (
				515FE29C28F64E4B00EA3EFE /* WelcomeScreen.swift in Sources */,
				515FE29428F63CC100EA3EFE /* UserConfig.swift in Sources */,
				515FE29828F6407E00EA3EFE /* SignIn.swift in Sources */,
				515FE29628F6406C00EA3EFE /* Register.swift in Sources */,
				519C63D228F1C60900DBEA34 /* ContentView.swift in Sources */,
				51838ADF28F219A80088A337 /* ProfileView.swift in Sources */,
				51A200E128F3497800069043 /* Carousel.swift in Sources */,
				51A200E828F3AD9400069043 /* Products.swift in Sources */,
				51838AD928F217350088A337 /* CartView.swift in Sources */,
				51838ADD28F218CF0088A337 /* ProfileButton.swift in Sources */,
				519C63D028F1C60900DBEA34 /* WeSellGamesApp.swift in Sources */,
				51838AE128F21A550088A337 /* CartManager.swift in Sources */,
				515FE29228F63A5200EA3EFE /* User.swift in Sources */,
				51838ACF28F20B7E0088A337 /* Product.swift in Sources */,
				51838AE328F246A70088A337 /* ProductRow.swift in Sources */,
				51838AD528F212450088A337 /* MainShopView.swift in Sources */,
				51838AD128F20E480088A337 /* ProductCard.swift in Sources */,
				51838AE828F255FD0088A337 /* ProductCartTappedView.swift in Sources */,
				51838AD728F214FC0088A337 /* CartButton.swift in Sources */,
			);
			runOnlyForDeploymentPostprocessing = 0;
		};
/* End PBXSourcesBuildPhase section */

/* Begin XCBuildConfiguration section */
		519C63D828F1C60B00DBEA34 /* Debug */ = {
			isa = XCBuildConfiguration;
			buildSettings = {
				ALWAYS_SEARCH_USER_PATHS = NO;
				CLANG_ANALYZER_NONNULL = YES;
				CLANG_ANALYZER_NUMBER_OBJECT_CONVERSION = YES_AGGRESSIVE;
				CLANG_CXX_LANGUAGE_STANDARD = "gnu++20";
				CLANG_ENABLE_MODULES = YES;
				CLANG_ENABLE_OBJC_ARC = YES;
				CLANG_ENABLE_OBJC_WEAK = YES;
				CLANG_WARN_BLOCK_CAPTURE_AUTORELEASING = YES;
				CLANG_WARN_BOOL_CONVERSION = YES;
				CLANG_WARN_COMMA = YES;
				CLANG_WARN_CONSTANT_CONVERSION = YES;
				CLANG_WARN_DEPRECATED_OBJC_IMPLEMENTATIONS = YES;
				CLANG_WARN_DIRECT_OBJC_ISA_USAGE = YES_ERROR;
				CLANG_WARN_DOCUMENTATION_COMMENTS = YES;
				CLANG_WARN_EMPTY_BODY = YES;
				CLANG_WARN_ENUM_CONVERSION = YES;
				CLANG_WARN_INFINITE_RECURSION = YES;
				CLANG_WARN_INT_CONVERSION = YES;
				CLANG_WARN_NON_LITERAL_NULL_CONVERSION = YES;
				CLANG_WARN_OBJC_IMPLICIT_RETAIN_SELF = YES;
				CLANG_WARN_OBJC_LITERAL_CONVERSION = YES;
				CLANG_WARN_OBJC_ROOT_CLASS = YES_ERROR;
				CLANG_WARN_QUOTED_INCLUDE_IN_FRAMEWORK_HEADER = YES;
				CLANG_WARN_RANGE_LOOP_ANALYSIS = YES;
				CLANG_WARN_STRICT_PROTOTYPES = YES;
				CLANG_WARN_SUSPICIOUS_MOVE = YES;
				CLANG_WARN_UNGUARDED_AVAILABILITY = YES_AGGRESSIVE;
				CLANG_WARN_UNREACHABLE_CODE = YES;
				CLANG_WARN__DUPLICATE_METHOD_MATCH = YES;
				COPY_PHASE_STRIP = NO;
				DEBUG_INFORMATION_FORMAT = dwarf;
				ENABLE_STRICT_OBJC_MSGSEND = YES;
				ENABLE_TESTABILITY = YES;
				GCC_C_LANGUAGE_STANDARD = gnu11;
				GCC_DYNAMIC_NO_PIC = NO;
				GCC_NO_COMMON_BLOCKS = YES;
				GCC_OPTIMIZATION_LEVEL = 0;
				GCC_PREPROCESSOR_DEFINITIONS = (
					"DEBUG=1",
					"$(inherited)",
				);
				GCC_WARN_64_TO_32_BIT_CONVERSION = YES;
				GCC_WARN_ABOUT_RETURN_TYPE = YES_ERROR;
				GCC_WARN_UNDECLARED_SELECTOR = YES;
				GCC_WARN_UNINITIALIZED_AUTOS = YES_AGGRESSIVE;
				GCC_WARN_UNUSED_FUNCTION = YES;
				GCC_WARN_UNUSED_VARIABLE = YES;
				IPHONEOS_DEPLOYMENT_TARGET = 15.0;
				MTL_ENABLE_DEBUG_INFO = INCLUDE_SOURCE;
				MTL_FAST_MATH = YES;
				ONLY_ACTIVE_ARCH = YES;
				SDKROOT = iphoneos;
				SWIFT_ACTIVE_COMPILATION_CONDITIONS = DEBUG;
				SWIFT_OPTIMIZATION_LEVEL = "-Onone";
			};
			name = Debug;
		};
		519C63D928F1C60B00DBEA34 /* Release */ = {
			isa = XCBuildConfiguration;
			buildSettings = {
				ALWAYS_SEARCH_USER_PATHS = NO;
				CLANG_ANALYZER_NONNULL = YES;
				CLANG_ANALYZER_NUMBER_OBJECT_CONVERSION = YES_AGGRESSIVE;
				CLANG_CXX_LANGUAGE_STANDARD = "gnu++20";
				CLANG_ENABLE_MODULES = YES;
				CLANG_ENABLE_OBJC_ARC = YES;
				CLANG_ENABLE_OBJC_WEAK = YES;
				CLANG_WARN_BLOCK_CAPTURE_AUTORELEASING = YES;
				CLANG_WARN_BOOL_CONVERSION = YES;
				CLANG_WARN_COMMA = YES;
				CLANG_WARN_CONSTANT_CONVERSION = YES;
				CLANG_WARN_DEPRECATED_OBJC_IMPLEMENTATIONS = YES;
				CLANG_WARN_DIRECT_OBJC_ISA_USAGE = YES_ERROR;
				CLANG_WARN_DOCUMENTATION_COMMENTS = YES;
				CLANG_WARN_EMPTY_BODY = YES;
				CLANG_WARN_ENUM_CONVERSION = YES;
				CLANG_WARN_INFINITE_RECURSION = YES;
				CLANG_WARN_INT_CONVERSION = YES;
				CLANG_WARN_NON_LITERAL_NULL_CONVERSION = YES;
				CLANG_WARN_OBJC_IMPLICIT_RETAIN_SELF = YES;
				CLANG_WARN_OBJC_LITERAL_CONVERSION = YES;
				CLANG_WARN_OBJC_ROOT_CLASS = YES_ERROR;
				CLANG_WARN_QUOTED_INCLUDE_IN_FRAMEWORK_HEADER = YES;
				CLANG_WARN_RANGE_LOOP_ANALYSIS = YES;
				CLANG_WARN_STRICT_PROTOTYPES = YES;
				CLANG_WARN_SUSPICIOUS_MOVE = YES;
				CLANG_WARN_UNGUARDED_AVAILABILITY = YES_AGGRESSIVE;
				CLANG_WARN_UNREACHABLE_CODE = YES;
				CLANG_WARN__DUPLICATE_METHOD_MATCH = YES;
				COPY_PHASE_STRIP = NO;
				DEBUG_INFORMATION_FORMAT = "dwarf-with-dsym";
				ENABLE_NS_ASSERTIONS = NO;
				ENABLE_STRICT_OBJC_MSGSEND = YES;
				GCC_C_LANGUAGE_STANDARD = gnu11;
				GCC_NO_COMMON_BLOCKS = YES;
				GCC_WARN_64_TO_32_BIT_CONVERSION = YES;
				GCC_WARN_ABOUT_RETURN_TYPE = YES_ERROR;
				GCC_WARN_UNDECLARED_SELECTOR = YES;
				GCC_WARN_UNINITIALIZED_AUTOS = YES_AGGRESSIVE;
				GCC_WARN_UNUSED_FUNCTION = YES;
				GCC_WARN_UNUSED_VARIABLE = YES;
				IPHONEOS_DEPLOYMENT_TARGET = 15.0;
				MTL_ENABLE_DEBUG_INFO = NO;
				MTL_FAST_MATH = YES;
				SDKROOT = iphoneos;
				SWIFT_COMPILATION_MODE = wholemodule;
				SWIFT_OPTIMIZATION_LEVEL = "-O";
				VALIDATE_PRODUCT = YES;
			};
			name = Release;
		};
		519C63DB28F1C60B00DBEA34 /* Debug */ = {
			isa = XCBuildConfiguration;
			buildSettings = {
				ASSETCATALOG_COMPILER_APPICON_NAME = AppIcon;
				ASSETCATALOG_COMPILER_GLOBAL_ACCENT_COLOR_NAME = AccentColor;
				ASSETCATALOG_COMPILER_INCLUDE_ALL_APPICON_ASSETS = NO;
				CODE_SIGN_STYLE = Automatic;
				CURRENT_PROJECT_VERSION = 1;
				DEBUG_INFORMATION_FORMAT = "dwarf-with-dsym";
				DEVELOPMENT_ASSET_PATHS = "\"WeSellGames/Preview Content\"";
				DEVELOPMENT_TEAM = V936C69V6G;
				ENABLE_PREVIEWS = YES;
				GENERATE_INFOPLIST_FILE = YES;
				INFOPLIST_FILE = WeSellGames/Info.plist;
				INFOPLIST_KEY_CFBundleDisplayName = WeSellGames;
				INFOPLIST_KEY_LSApplicationCategoryType = "public.app-category.shopping";
				INFOPLIST_KEY_UIApplicationSceneManifest_Generation = YES;
				INFOPLIST_KEY_UIApplicationSupportsIndirectInputEvents = YES;
				INFOPLIST_KEY_UILaunchScreen_Generation = YES;
				INFOPLIST_KEY_UISupportedInterfaceOrientations = UIInterfaceOrientationPortrait;
				LD_RUNPATH_SEARCH_PATHS = (
					"$(inherited)",
					"@executable_path/Frameworks",
				);
				MARKETING_VERSION = 1.0;
				PRODUCT_BUNDLE_IDENTIFIER = com.vitalivyucheiski.WeSellGames;
				PRODUCT_NAME = "$(TARGET_NAME)";
				SUPPORTED_PLATFORMS = "iphoneos iphonesimulator";
				SUPPORTS_MACCATALYST = NO;
				SUPPORTS_MAC_DESIGNED_FOR_IPHONE_IPAD = NO;
				SWIFT_EMIT_LOC_STRINGS = YES;
				SWIFT_VERSION = 5.0;
				TARGETED_DEVICE_FAMILY = 1;
			};
			name = Debug;
		};
		519C63DC28F1C60B00DBEA34 /* Release */ = {
			isa = XCBuildConfiguration;
			buildSettings = {
				ASSETCATALOG_COMPILER_APPICON_NAME = AppIcon;
				ASSETCATALOG_COMPILER_GLOBAL_ACCENT_COLOR_NAME = AccentColor;
				ASSETCATALOG_COMPILER_INCLUDE_ALL_APPICON_ASSETS = NO;
				CODE_SIGN_STYLE = Automatic;
				CURRENT_PROJECT_VERSION = 1;
				DEBUG_INFORMATION_FORMAT = "dwarf-with-dsym";
				DEVELOPMENT_ASSET_PATHS = "\"WeSellGames/Preview Content\"";
				DEVELOPMENT_TEAM = V936C69V6G;
				ENABLE_PREVIEWS = YES;
				GENERATE_INFOPLIST_FILE = YES;
				INFOPLIST_FILE = WeSellGames/Info.plist;
				INFOPLIST_KEY_CFBundleDisplayName = WeSellGames;
				INFOPLIST_KEY_LSApplicationCategoryType = "public.app-category.shopping";
				INFOPLIST_KEY_UIApplicationSceneManifest_Generation = YES;
				INFOPLIST_KEY_UIApplicationSupportsIndirectInputEvents = YES;
				INFOPLIST_KEY_UILaunchScreen_Generation = YES;
				INFOPLIST_KEY_UISupportedInterfaceOrientations = UIInterfaceOrientationPortrait;
				LD_RUNPATH_SEARCH_PATHS = (
					"$(inherited)",
					"@executable_path/Frameworks",
				);
				MARKETING_VERSION = 1.0;
				PRODUCT_BUNDLE_IDENTIFIER = com.vitalivyucheiski.WeSellGames;
				PRODUCT_NAME = "$(TARGET_NAME)";
				SUPPORTED_PLATFORMS = "iphoneos iphonesimulator";
				SUPPORTS_MACCATALYST = NO;
				SUPPORTS_MAC_DESIGNED_FOR_IPHONE_IPAD = NO;
				SWIFT_EMIT_LOC_STRINGS = YES;
				SWIFT_VERSION = 5.0;
				TARGETED_DEVICE_FAMILY = 1;
			};
			name = Release;
		};
/* End XCBuildConfiguration section */

/* Begin XCConfigurationList section */
		519C63C728F1C60900DBEA34 /* Build configuration list for PBXProject "WeSellGames" */ = {
			isa = XCConfigurationList;
			buildConfigurations = (
				519C63D828F1C60B00DBEA34 /* Debug */,
				519C63D928F1C60B00DBEA34 /* Release */,
			);
			defaultConfigurationIsVisible = 0;
			defaultConfigurationName = Release;
		};
		519C63DA28F1C60B00DBEA34 /* Build configuration list for PBXNativeTarget "WeSellGames" */ = {
			isa = XCConfigurationList;
			buildConfigurations = (
				519C63DB28F1C60B00DBEA34 /* Debug */,
				519C63DC28F1C60B00DBEA34 /* Release */,
			);
			defaultConfigurationIsVisible = 0;
			defaultConfigurationName = Release;
		};
/* End XCConfigurationList section */

/* Begin XCRemoteSwiftPackageReference section */
		511C9C1B28F50CE600C86EE5 /* XCRemoteSwiftPackageReference "SDWebImageSwiftUI" */ = {
			isa = XCRemoteSwiftPackageReference;
			repositoryURL = "https://github.com/SDWebImage/SDWebImageSwiftUI.git";
			requirement = {
				kind = upToNextMajorVersion;
				minimumVersion = 2.0.0;
			};
		};
		51A200C128F32DC100069043 /* XCRemoteSwiftPackageReference "firebase-ios-sdk" */ = {
			isa = XCRemoteSwiftPackageReference;
			repositoryURL = "https://github.com/firebase/firebase-ios-sdk.git";
			requirement = {
				kind = upToNextMajorVersion;
				minimumVersion = 9.0.0;
			};
		};
/* End XCRemoteSwiftPackageReference section */

/* Begin XCSwiftPackageProductDependency section */
		511C9C1C28F50CE700C86EE5 /* SDWebImageSwiftUI */ = {
			isa = XCSwiftPackageProductDependency;
			package = 511C9C1B28F50CE600C86EE5 /* XCRemoteSwiftPackageReference "SDWebImageSwiftUI" */;
			productName = SDWebImageSwiftUI;
		};
		511C9C1F28F51E9D00C86EE5 /* FirebaseAnalytics */ = {
			isa = XCSwiftPackageProductDependency;
			package = 51A200C128F32DC100069043 /* XCRemoteSwiftPackageReference "firebase-ios-sdk" */;
			productName = FirebaseAnalytics;
		};
		511C9C2128F51E9D00C86EE5 /* FirebaseAuth */ = {
			isa = XCSwiftPackageProductDependency;
			package = 51A200C128F32DC100069043 /* XCRemoteSwiftPackageReference "firebase-ios-sdk" */;
			productName = FirebaseAuth;
		};
		511C9C2328F51E9D00C86EE5 /* FirebaseFirestore */ = {
			isa = XCSwiftPackageProductDependency;
			package = 51A200C128F32DC100069043 /* XCRemoteSwiftPackageReference "firebase-ios-sdk" */;
			productName = FirebaseFirestore;
		};
		511C9C2528F51E9D00C86EE5 /* FirebaseStorage */ = {
			isa = XCSwiftPackageProductDependency;
			package = 51A200C128F32DC100069043 /* XCRemoteSwiftPackageReference "firebase-ios-sdk" */;
			productName = FirebaseStorage;
		};
		515FE28C28F61A4300EA3EFE /* FirebaseCrashlytics */ = {
			isa = XCSwiftPackageProductDependency;
			package = 51A200C128F32DC100069043 /* XCRemoteSwiftPackageReference "firebase-ios-sdk" */;
			productName = FirebaseCrashlytics;
		};
		515FE28E28F61A4300EA3EFE /* FirebasePerformance */ = {
			isa = XCSwiftPackageProductDependency;
			package = 51A200C128F32DC100069043 /* XCRemoteSwiftPackageReference "firebase-ios-sdk" */;
			productName = FirebasePerformance;
		};
/* End XCSwiftPackageProductDependency section */
	};
	rootObject = 519C63C428F1C60900DBEA34 /* Project object */;
}
